
Microsoft Visual Studio Solution File, Format Version 12.00
# Visual Studio Version 16
VisualStudioVersion = 16.0.33801.447
MinimumVisualStudioVersion = 10.0.40219.1
Project("{9A19103F-16F7-4668-BE54-9A1E7A4F7556}") = "aula_14_09_2023", "aula_14_09_2023\aula_14_09_2023.csproj", "{20C0C42E-16B4-4700-9C03-5DB965825793}"
EndProject
Project("{9A19103F-16F7-4668-BE54-9A1E7A4F7556}") = "Aula_19_09_2023", "Aula_19_09_2023\Aula_19_09_2023.csproj", "{E41AED47-8957-4439-B7A2-1C69A7777390}"
EndProject
Project("{9A19103F-16F7-4668-BE54-9A1E7A4F7556}") = "Aula_26_09_2023", "Aula_26_09_2023\Aula_26_09_2023.csproj", "{23CBF510-15D7-44EF-8612-C70A459497BA}"
EndProject
Project("{9A19103F-16F7-4668-BE54-9A1E7A4F7556}") = "Aula_28_09_2023_revisao", "Aula_28_09_2023_revisao\Aula_28_09_2023_revisao.csproj", "{8A068856-FD85-412A-A271-F9D75224B731}"
EndProject
Project("{9A19103F-16F7-4668-BE54-9A1E7A4F7556}") = "Revisao02", "Revisao02\Revisao02.csproj", "{01016954-8006-4B2C-AB71-1670B1F7D196}"
EndProject
Project("{9A19103F-16F7-4668-BE54-9A1E7A4F7556}") = "05_10_2023_EX1", "aula_05_10_2023_atividdade\05_10_2023_EX1.csproj", "{5BF852F9-9F5A-4D59-A34B-014ED841D5EB}"
EndProject
Project("{9A19103F-16F7-4668-BE54-9A1E7A4F7556}") = "05_10_2023_EX2", "05_10_2023_EX2\05_10_2023_EX2.csproj", "{CFB26F36-9602-4919-9EB9-64D7AD7232E5}"
EndProject
Project("{9A19103F-16F7-4668-BE54-9A1E7A4F7556}") = "05_10_2023_EX3", "05_10_2023_EX3\05_10_2023_EX3.csproj", "{6DB17B11-048A-4EF3-92B4-5966EE4E093A}"
EndProject
Project("{FAE04EC0-301F-11D3-BF4B-00C04F79EFBC}") = "Aula_17_10_2023", "Aula_17_10_2023\Aula_17_10_2023.csproj", "{8E214E7D-42F1-4ED1-96EC-BE3D927AB291}"
EndProject
Global
	GlobalSection(SolutionConfigurationPlatforms) = preSolution
		Debug|Any CPU = Debug|Any CPU
		Release|Any CPU = Release|Any CPU
	EndGlobalSection
	GlobalSection(ProjectConfigurationPlatforms) = postSolution
		{20C0C42E-16B4-4700-9C03-5DB965825793}.Debug|Any CPU.ActiveCfg = Debug|Any CPU
		{20C0C42E-16B4-4700-9C03-5DB965825793}.Debug|Any CPU.Build.0 = Debug|Any CPU
		{20C0C42E-16B4-4700-9C03-5DB965825793}.Release|Any CPU.ActiveCfg = Release|Any CPU
		{20C0C42E-16B4-4700-9C03-5DB965825793}.Release|Any CPU.Build.0 = Release|Any CPU
		{E41AED47-8957-4439-B7A2-1C69A7777390}.Debug|Any CPU.ActiveCfg = Debug|Any CPU
		{E41AED47-8957-4439-B7A2-1C69A7777390}.Debug|Any CPU.Build.0 = Debug|Any CPU
		{E41AED47-8957-4439-B7A2-1C69A7777390}.Release|Any CPU.ActiveCfg = Release|Any CPU
		{E41AED47-8957-4439-B7A2-1C69A7777390}.Release|Any CPU.Build.0 = Release|Any CPU
		{23CBF510-15D7-44EF-8612-C70A459497BA}.Debug|Any CPU.ActiveCfg = Debug|Any CPU
		{23CBF510-15D7-44EF-8612-C70A459497BA}.Debug|Any CPU.Build.0 = Debug|Any CPU
		{23CBF510-15D7-44EF-8612-C70A459497BA}.Release|Any CPU.ActiveCfg = Release|Any CPU
		{23CBF510-15D7-44EF-8612-C70A459497BA}.Release|Any CPU.Build.0 = Release|Any CPU
		{8A068856-FD85-412A-A271-F9D75224B731}.Debug|Any CPU.ActiveCfg = Debug|Any CPU
		{8A068856-FD85-412A-A271-F9D75224B731}.Debug|Any CPU.Build.0 = Debug|Any CPU
		{8A068856-FD85-412A-A271-F9D75224B731}.Release|Any CPU.ActiveCfg = Release|Any CPU
		{8A068856-FD85-412A-A271-F9D75224B731}.Release|Any CPU.Build.0 = Release|Any CPU
		{01016954-8006-4B2C-AB71-1670B1F7D196}.Debug|Any CPU.ActiveCfg = Debug|Any CPU
		{01016954-8006-4B2C-AB71-1670B1F7D196}.Debug|Any CPU.Build.0 = Debug|Any CPU
		{01016954-8006-4B2C-AB71-1670B1F7D196}.Release|Any CPU.ActiveCfg = Release|Any CPU
		{01016954-8006-4B2C-AB71-1670B1F7D196}.Release|Any CPU.Build.0 = Release|Any CPU
		{5BF852F9-9F5A-4D59-A34B-014ED841D5EB}.Debug|Any CPU.ActiveCfg = Debug|Any CPU
		{5BF852F9-9F5A-4D59-A34B-014ED841D5EB}.Debug|Any CPU.Build.0 = Debug|Any CPU
		{5BF852F9-9F5A-4D59-A34B-014ED841D5EB}.Release|Any CPU.ActiveCfg = Release|Any CPU
		{5BF852F9-9F5A-4D59-A34B-014ED841D5EB}.Release|Any CPU.Build.0 = Release|Any CPU
		{CFB26F36-9602-4919-9EB9-64D7AD7232E5}.Debug|Any CPU.ActiveCfg = Debug|Any CPU
		{CFB26F36-9602-4919-9EB9-64D7AD7232E5}.Debug|Any CPU.Build.0 = Debug|Any CPU
		{CFB26F36-9602-4919-9EB9-64D7AD7232E5}.Release|Any CPU.ActiveCfg = Release|Any CPU
		{CFB26F36-9602-4919-9EB9-64D7AD7232E5}.Release|Any CPU.Build.0 = Release|Any CPU
		{6DB17B11-048A-4EF3-92B4-5966EE4E093A}.Debug|Any CPU.ActiveCfg = Debug|Any CPU
		{6DB17B11-048A-4EF3-92B4-5966EE4E093A}.Debug|Any CPU.Build.0 = Debug|Any CPU
		{6DB17B11-048A-4EF3-92B4-5966EE4E093A}.Release|Any CPU.ActiveCfg = Release|Any CPU
		{6DB17B11-048A-4EF3-92B4-5966EE4E093A}.Release|Any CPU.Build.0 = Release|Any CPU
		{8E214E7D-42F1-4ED1-96EC-BE3D927AB291}.Debug|Any CPU.ActiveCfg = Debug|Any CPU
		{8E214E7D-42F1-4ED1-96EC-BE3D927AB291}.Debug|Any CPU.Build.0 = Debug|Any CPU
		{8E214E7D-42F1-4ED1-96EC-BE3D927AB291}.Release|Any CPU.ActiveCfg = Release|Any CPU
		{8E214E7D-42F1-4ED1-96EC-BE3D927AB291}.Release|Any CPU.Build.0 = Release|Any CPU
	EndGlobalSection
	GlobalSection(SolutionProperties) = preSolution
		HideSolutionNode = FALSE
	EndGlobalSection
	GlobalSection(ExtensibilityGlobals) = postSolution
		SolutionGuid = {282085E2-5DE7-4BDB-A45C-CF5C99DF2004}
	EndGlobalSection
EndGlobal
